// !$*UTF8*$!
{
	archiveVersion = 1;
	classes = {
	};
	objectVersion = 50;
	objects = {

/* Begin PBXBuildFile section */
		A0481F15236BF03D00E95502 /* AppDelegate.swift in Sources */ = {isa = PBXBuildFile; fileRef = A0481F14236BF03D00E95502 /* AppDelegate.swift */; };
		A0481F17236BF03D00E95502 /* SceneDelegate.swift in Sources */ = {isa = PBXBuildFile; fileRef = A0481F16236BF03D00E95502 /* SceneDelegate.swift */; };
		A0481F19236BF03D00E95502 /* ImagePickerClassifierViewController.swift in Sources */ = {isa = PBXBuildFile; fileRef = A0481F18236BF03D00E95502 /* ImagePickerClassifierViewController.swift */; };
		A0481F1C236BF03D00E95502 /* Main.storyboard in Resources */ = {isa = PBXBuildFile; fileRef = A0481F1A236BF03D00E95502 /* Main.storyboard */; };
		A0481F1E236BF04000E95502 /* Assets.xcassets in Resources */ = {isa = PBXBuildFile; fileRef = A0481F1D236BF04000E95502 /* Assets.xcassets */; };
		A0481F21236BF04000E95502 /* LaunchScreen.storyboard in Resources */ = {isa = PBXBuildFile; fileRef = A0481F1F236BF04000E95502 /* LaunchScreen.storyboard */; };
		A09B5375237650580094EA33 /* newEmojiAndCat.mlmodel in Sources */ = {isa = PBXBuildFile; fileRef = A09B5374237650580094EA33 /* newEmojiAndCat.mlmodel */; };
		A0E84DAA237047F8000FA863 /* Translator.swift in Sources */ = {isa = PBXBuildFile; fileRef = A0E84DA9237047F8000FA863 /* Translator.swift */; };
		A0F452D8236D44AD00090D01 /* ImagePickerObjectDetectorViewController.swift in Sources */ = {isa = PBXBuildFile; fileRef = A0F452D7236D44AD00090D01 /* ImagePickerObjectDetectorViewController.swift */; };
/* End PBXBuildFile section */

/* Begin PBXFileReference section */
		A0481F11236BF03D00E95502 /* KakaoEmoji.app */ = {isa = PBXFileReference; explicitFileType = wrapper.application; includeInIndex = 0; path = KakaoEmoji.app; sourceTree = BUILT_PRODUCTS_DIR; };
		A0481F14236BF03D00E95502 /* AppDelegate.swift */ = {isa = PBXFileReference; lastKnownFileType = sourcecode.swift; path = AppDelegate.swift; sourceTree = "<group>"; };
		A0481F16236BF03D00E95502 /* SceneDelegate.swift */ = {isa = PBXFileReference; lastKnownFileType = sourcecode.swift; path = SceneDelegate.swift; sourceTree = "<group>"; };
		A0481F18236BF03D00E95502 /* ImagePickerClassifierViewController.swift */ = {isa = PBXFileReference; lastKnownFileType = sourcecode.swift; path = ImagePickerClassifierViewController.swift; sourceTree = "<group>"; };
		A0481F1B236BF03D00E95502 /* Base */ = {isa = PBXFileReference; lastKnownFileType = file.storyboard; name = Base; path = Base.lproj/Main.storyboard; sourceTree = "<group>"; };
		A0481F1D236BF04000E95502 /* Assets.xcassets */ = {isa = PBXFileReference; lastKnownFileType = folder.assetcatalog; path = Assets.xcassets; sourceTree = "<group>"; };
		A0481F20236BF04000E95502 /* Base */ = {isa = PBXFileReference; lastKnownFileType = file.storyboard; name = Base; path = Base.lproj/LaunchScreen.storyboard; sourceTree = "<group>"; };
		A0481F22236BF04000E95502 /* Info.plist */ = {isa = PBXFileReference; lastKnownFileType = text.plist.xml; path = Info.plist; sourceTree = "<group>"; };
		A09B5374237650580094EA33 /* newEmojiAndCat.mlmodel */ = {isa = PBXFileReference; lastKnownFileType = file.mlmodel; path = newEmojiAndCat.mlmodel; sourceTree = "<group>"; };
		A0E84DA9237047F8000FA863 /* Translator.swift */ = {isa = PBXFileReference; lastKnownFileType = sourcecode.swift; path = Translator.swift; sourceTree = "<group>"; };
		A0F452D7236D44AD00090D01 /* ImagePickerObjectDetectorViewController.swift */ = {isa = PBXFileReference; lastKnownFileType = sourcecode.swift; path = ImagePickerObjectDetectorViewController.swift; sourceTree = "<group>"; };
/* End PBXFileReference section */

/* Begin PBXFrameworksBuildPhase section */
		A0481F0E236BF03D00E95502 /* Frameworks */ = {
			isa = PBXFrameworksBuildPhase;
			buildActionMask = 2147483647;
			files = (
			);
			runOnlyForDeploymentPostprocessing = 0;
		};
/* End PBXFrameworksBuildPhase section */

/* Begin PBXGroup section */
		A0481F08236BF03D00E95502 = {
			isa = PBXGroup;
			children = (
				A0481F13236BF03D00E95502 /* KakaoEmoji */,
				A0481F12236BF03D00E95502 /* Products */,
			);
			sourceTree = "<group>";
		};
		A0481F12236BF03D00E95502 /* Products */ = {
			isa = PBXGroup;
			children = (
				A0481F11236BF03D00E95502 /* KakaoEmoji.app */,
			);
			name = Products;
			sourceTree = "<group>";
		};
		A0481F13236BF03D00E95502 /* KakaoEmoji */ = {
			isa = PBXGroup;
			children = (
				A09B5374237650580094EA33 /* newEmojiAndCat.mlmodel */,
				A0E84DA6237047C8000FA863 /* Model */,
				A0F452D6236D439000090D01 /* ImagePicker + Object Detector */,
				A0F452D2236D42AC00090D01 /* ImagePicker + Classifier */,
				A0481F14236BF03D00E95502 /* AppDelegate.swift */,
				A0481F16236BF03D00E95502 /* SceneDelegate.swift */,
				A0481F1A236BF03D00E95502 /* Main.storyboard */,
				A0481F1D236BF04000E95502 /* Assets.xcassets */,
				A0481F1F236BF04000E95502 /* LaunchScreen.storyboard */,
				A0481F22236BF04000E95502 /* Info.plist */,
			);
			path = KakaoEmoji;
			sourceTree = "<group>";
		};
		A0E84DA6237047C8000FA863 /* Model */ = {
			isa = PBXGroup;
			children = (
				A0E84DA9237047F8000FA863 /* Translator.swift */,
			);
			path = Model;
			sourceTree = "<group>";
		};
		A0F452D2236D42AC00090D01 /* ImagePicker + Classifier */ = {
			isa = PBXGroup;
			children = (
				A0481F18236BF03D00E95502 /* ImagePickerClassifierViewController.swift */,
			);
			path = "ImagePicker + Classifier";
			sourceTree = "<group>";
		};
		A0F452D6236D439000090D01 /* ImagePicker + Object Detector */ = {
			isa = PBXGroup;
			children = (
				A0F452D7236D44AD00090D01 /* ImagePickerObjectDetectorViewController.swift */,
			);
			path = "ImagePicker + Object Detector";
			sourceTree = "<group>";
		};
/* End PBXGroup section */

/* Begin PBXNativeTarget section */
		A0481F10236BF03D00E95502 /* KakaoEmoji */ = {
			isa = PBXNativeTarget;
			buildConfigurationList = A0481F25236BF04000E95502 /* Build configuration list for PBXNativeTarget "KakaoEmoji" */;
			buildPhases = (
				A0481F0D236BF03D00E95502 /* Sources */,
				A0481F0E236BF03D00E95502 /* Frameworks */,
				A0481F0F236BF03D00E95502 /* Resources */,
			);
			buildRules = (
			);
			dependencies = (
			);
			name = KakaoEmoji;
			productName = KakaoEmoji;
			productReference = A0481F11236BF03D00E95502 /* KakaoEmoji.app */;
			productType = "com.apple.product-type.application";
		};
/* End PBXNativeTarget section */

/* Begin PBXProject section */
		A0481F09236BF03D00E95502 /* Project object */ = {
			isa = PBXProject;
			attributes = {
				LastSwiftUpdateCheck = 1110;
				LastUpgradeCheck = 1110;
				ORGANIZATIONNAME = kiwook;
				TargetAttributes = {
					A0481F10236BF03D00E95502 = {
						CreatedOnToolsVersion = 11.1;
					};
				};
			};
			buildConfigurationList = A0481F0C236BF03D00E95502 /* Build configuration list for PBXProject "KakaoEmoji" */;
			compatibilityVersion = "Xcode 9.3";
			developmentRegion = en;
			hasScannedForEncodings = 0;
			knownRegions = (
				en,
				Base,
			);
			mainGroup = A0481F08236BF03D00E95502;
			productRefGroup = A0481F12236BF03D00E95502 /* Products */;
			projectDirPath = "";
			projectRoot = "";
			targets = (
				A0481F10236BF03D00E95502 /* KakaoEmoji */,
			);
		};
/* End PBXProject section */

/* Begin PBXResourcesBuildPhase section */
		A0481F0F236BF03D00E95502 /* Resources */ = {
			isa = PBXResourcesBuildPhase;
			buildActionMask = 2147483647;
			files = (
				A0481F21236BF04000E95502 /* LaunchScreen.storyboard in Resources */,
				A0481F1E236BF04000E95502 /* Assets.xcassets in Resources */,
				A0481F1C236BF03D00E95502 /* Main.storyboard in Resources */,
			);
			runOnlyForDeploymentPostprocessing = 0;
		};
/* End PBXResourcesBuildPhase section */

/* Begin PBXSourcesBuildPhase section */
		A0481F0D236BF03D00E95502 /* Sources */ = {
			isa = PBXSourcesBuildPhase;
			buildActionMask = 2147483647;
			files = (
				A0F452D8236D44AD00090D01 /* ImagePickerObjectDetectorViewController.swift in Sources */,
				A0E84DAA237047F8000FA863 /* Translator.swift in Sources */,
				A0481F19236BF03D00E95502 /* ImagePickerClassifierViewController.swift in Sources */,
				A09B5375237650580094EA33 /* newEmojiAndCat.mlmodel in Sources */,
				A0481F15236BF03D00E95502 /* AppDelegate.swift in Sources */,
				A0481F17236BF03D00E95502 /* SceneDelegate.swift in Sources */,
			);
			runOnlyForDeploymentPostprocessing = 0;
		};
/* End PBXSourcesBuildPhase section */

/* Begin PBXVariantGroup section */
		A0481F1A236BF03D00E95502 /* Main.storyboard */ = {
			isa = PBXVariantGroup;
			children = (
				A0481F1B236BF03D00E95502 /* Base */,
			);
			name = Main.storyboard;
			sourceTree = "<group>";
		};
		A0481F1F236BF04000E95502 /* LaunchScreen.storyboard */ = {
			isa = PBXVariantGroup;
			children = (
				A0481F20236BF04000E95502 /* Base */,
			);
			name = LaunchScreen.storyboard;
			sourceTree = "<group>";
		};
/* End PBXVariantGroup section */

/* Begin XCBuildConfiguration section */
		A0481F23236BF04000E95502 /* Debug */ = {
			isa = XCBuildConfiguration;
			buildSettings = {
				ALWAYS_SEARCH_USER_PATHS = NO;
				CLANG_ANALYZER_NONNULL = YES;
				CLANG_ANALYZER_NUMBER_OBJECT_CONVERSION = YES_AGGRESSIVE;
				CLANG_CXX_LANGUAGE_STANDARD = "gnu++14";
				CLANG_CXX_LIBRARY = "libc++";
				CLANG_ENABLE_MODULES = YES;
				CLANG_ENABLE_OBJC_ARC = YES;
				CLANG_ENABLE_OBJC_WEAK = YES;
				CLANG_WARN_BLOCK_CAPTURE_AUTORELEASING = YES;
				CLANG_WARN_BOOL_CONVERSION = YES;
				CLANG_WARN_COMMA = YES;
				CLANG_WARN_CONSTANT_CONVERSION = YES;
				CLANG_WARN_DEPRECATED_OBJC_IMPLEMENTATIONS = YES;
				CLANG_WARN_DIRECT_OBJC_ISA_USAGE = YES_ERROR;
				CLANG_WARN_DOCUMENTATION_COMMENTS = YES;
				CLANG_WARN_EMPTY_BODY = YES;
				CLANG_WARN_ENUM_CONVERSION = YES;
				CLANG_WARN_INFINITE_RECURSION = YES;
				CLANG_WARN_INT_CONVERSION = YES;
				CLANG_WARN_NON_LITERAL_NULL_CONVERSION = YES;
				CLANG_WARN_OBJC_IMPLICIT_RETAIN_SELF = YES;
				CLANG_WARN_OBJC_LITERAL_CONVERSION = YES;
				CLANG_WARN_OBJC_ROOT_CLASS = YES_ERROR;
				CLANG_WARN_RANGE_LOOP_ANALYSIS = YES;
				CLANG_WARN_STRICT_PROTOTYPES = YES;
				CLANG_WARN_SUSPICIOUS_MOVE = YES;
				CLANG_WARN_UNGUARDED_AVAILABILITY = YES_AGGRESSIVE;
				CLANG_WARN_UNREACHABLE_CODE = YES;
				CLANG_WARN__DUPLICATE_METHOD_MATCH = YES;
				COPY_PHASE_STRIP = NO;
				DEBUG_INFORMATION_FORMAT = dwarf;
				ENABLE_STRICT_OBJC_MSGSEND = YES;
				ENABLE_TESTABILITY = YES;
				GCC_C_LANGUAGE_STANDARD = gnu11;
				GCC_DYNAMIC_NO_PIC = NO;
				GCC_NO_COMMON_BLOCKS = YES;
				GCC_OPTIMIZATION_LEVEL = 0;
				GCC_PREPROCESSOR_DEFINITIONS = (
					"DEBUG=1",
					"$(inherited)",
				);
				GCC_WARN_64_TO_32_BIT_CONVERSION = YES;
				GCC_WARN_ABOUT_RETURN_TYPE = YES_ERROR;
				GCC_WARN_UNDECLARED_SELECTOR = YES;
				GCC_WARN_UNINITIALIZED_AUTOS = YES_AGGRESSIVE;
				GCC_WARN_UNUSED_FUNCTION = YES;
				GCC_WARN_UNUSED_VARIABLE = YES;
				IPHONEOS_DEPLOYMENT_TARGET = 13.1;
				MTL_ENABLE_DEBUG_INFO = INCLUDE_SOURCE;
				MTL_FAST_MATH = YES;
				ONLY_ACTIVE_ARCH = YES;
				SDKROOT = iphoneos;
				SWIFT_ACTIVE_COMPILATION_CONDITIONS = DEBUG;
				SWIFT_OPTIMIZATION_LEVEL = "-Onone";
			};
			name = Debug;
		};
		A0481F24236BF04000E95502 /* Release */ = {
			isa = XCBuildConfiguration;
			buildSettings = {
				ALWAYS_SEARCH_USER_PATHS = NO;
				CLANG_ANALYZER_NONNULL = YES;
				CLANG_ANALYZER_NUMBER_OBJECT_CONVERSION = YES_AGGRESSIVE;
				CLANG_CXX_LANGUAGE_STANDARD = "gnu++14";
				CLANG_CXX_LIBRARY = "libc++";
				CLANG_ENABLE_MODULES = YES;
				CLANG_ENABLE_OBJC_ARC = YES;
				CLANG_ENABLE_OBJC_WEAK = YES;
				CLANG_WARN_BLOCK_CAPTURE_AUTORELEASING = YES;
				CLANG_WARN_BOOL_CONVERSION = YES;
				CLANG_WARN_COMMA = YES;
				CLANG_WARN_CONSTANT_CONVERSION = YES;
				CLANG_WARN_DEPRECATED_OBJC_IMPLEMENTATIONS = YES;
				CLANG_WARN_DIRECT_OBJC_ISA_USAGE = YES_ERROR;
				CLANG_WARN_DOCUMENTATION_COMMENTS = YES;
				CLANG_WARN_EMPTY_BODY = YES;
				CLANG_WARN_ENUM_CONVERSION = YES;
				CLANG_WARN_INFINITE_RECURSION = YES;
				CLANG_WARN_INT_CONVERSION = YES;
				CLANG_WARN_NON_LITERAL_NULL_CONVERSION = YES;
				CLANG_WARN_OBJC_IMPLICIT_RETAIN_SELF = YES;
				CLANG_WARN_OBJC_LITERAL_CONVERSION = YES;
				CLANG_WARN_OBJC_ROOT_CLASS = YES_ERROR;
				CLANG_WARN_RANGE_LOOP_ANALYSIS = YES;
				CLANG_WARN_STRICT_PROTOTYPES = YES;
				CLANG_WARN_SUSPICIOUS_MOVE = YES;
				CLANG_WARN_UNGUARDED_AVAILABILITY = YES_AGGRESSIVE;
				CLANG_WARN_UNREACHABLE_CODE = YES;
				CLANG_WARN__DUPLICATE_METHOD_MATCH = YES;
				COPY_PHASE_STRIP = NO;
				DEBUG_INFORMATION_FORMAT = "dwarf-with-dsym";
				ENABLE_NS_ASSERTIONS = NO;
				ENABLE_STRICT_OBJC_MSGSEND = YES;
				GCC_C_LANGUAGE_STANDARD = gnu11;
				GCC_NO_COMMON_BLOCKS = YES;
				GCC_WARN_64_TO_32_BIT_CONVERSION = YES;
				GCC_WARN_ABOUT_RETURN_TYPE = YES_ERROR;
				GCC_WARN_UNDECLARED_SELECTOR = YES;
				GCC_WARN_UNINITIALIZED_AUTOS = YES_AGGRESSIVE;
				GCC_WARN_UNUSED_FUNCTION = YES;
				GCC_WARN_UNUSED_VARIABLE = YES;
				IPHONEOS_DEPLOYMENT_TARGET = 13.1;
				MTL_ENABLE_DEBUG_INFO = NO;
				MTL_FAST_MATH = YES;
				SDKROOT = iphoneos;
				SWIFT_COMPILATION_MODE = wholemodule;
				SWIFT_OPTIMIZATION_LEVEL = "-O";
				VALIDATE_PRODUCT = YES;
			};
			name = Release;
		};
		A0481F26236BF04000E95502 /* Debug */ = {
			isa = XCBuildConfiguration;
			buildSettings = {
				ASSETCATALOG_COMPILER_APPICON_NAME = AppIcon;
				CODE_SIGN_STYLE = Automatic;
				DEVELOPMENT_TEAM = HZ26D79YNZ;
				INFOPLIST_FILE = KakaoEmoji/Info.plist;
				LD_RUNPATH_SEARCH_PATHS = (
					"$(inherited)",
					"@executable_path/Frameworks",
				);
				PRODUCT_BUNDLE_IDENTIFIER = kiwook.KakaoEmoji;
				PRODUCT_NAME = "$(TARGET_NAME)";
				SWIFT_VERSION = 5.0;
				TARGETED_DEVICE_FAMILY = "1,2";
			};
			name = Debug;
		};
		A0481F27236BF04000E95502 /* Release */ = {
			isa = XCBuildConfiguration;
			buildSettings = {
				ASSETCATALOG_COMPILER_APPICON_NAME = AppIcon;
				CODE_SIGN_STYLE = Automatic;
				DEVELOPMENT_TEAM = HZ26D79YNZ;
				INFOPLIST_FILE = KakaoEmoji/Info.plist;
				LD_RUNPATH_SEARCH_PATHS = (
					"$(inherited)",
					"@executable_path/Frameworks",
				);
				PRODUCT_BUNDLE_IDENTIFIER = kiwook.KakaoEmoji;
				PRODUCT_NAME = "$(TARGET_NAME)";
				SWIFT_VERSION = 5.0;
				TARGETED_DEVICE_FAMILY = "1,2";
			};
			name = Release;
		};
/* End XCBuildConfiguration section */

/* Begin XCConfigurationList section */
		A0481F0C236BF03D00E95502 /* Build configuration list for PBXProject "KakaoEmoji" */ = {
			isa = XCConfigurationList;
			buildConfigurations = (
				A0481F23236BF04000E95502 /* Debug */,
				A0481F24236BF04000E95502 /* Release */,
			);
			defaultConfigurationIsVisible = 0;
			defaultConfigurationName = Release;
		};
		A0481F25236BF04000E95502 /* Build configuration list for PBXNativeTarget "KakaoEmoji" */ = {
			isa = XCConfigurationList;
			buildConfigurations = (
				A0481F26236BF04000E95502 /* Debug */,
				A0481F27236BF04000E95502 /* Release */,
			);
			defaultConfigurationIsVisible = 0;
			defaultConfigurationName = Release;
		};
/* End XCConfigurationList section */
	};
	rootObject = A0481F09236BF03D00E95502 /* Project object */;
}
